
Microsoft Visual Studio Solution File, Format Version 12.00
# Visual Studio Version 17
VisualStudioVersion = 17.8.34330.188
MinimumVisualStudioVersion = 10.0.40219.1
Project("{9A19103F-16F7-4668-BE54-9A1E7A4F7556}") = "LoginForm", "LoginForm\LoginForm.csproj", "{60CD60DE-CEC6-4FFE-A919-0E871C42D150}"
EndProject
Global
	GlobalSection(SolutionConfigurationPlatforms) = preSolution
		Debug|Any CPU = Debug|Any CPU
		Release|Any CPU = Release|Any CPU
	EndGlobalSection
	GlobalSection(ProjectConfigurationPlatforms) = postSolution
		{60CD60DE-CEC6-4FFE-A919-0E871C42D150}.Debug|Any CPU.ActiveCfg = Debug|Any CPU
		{60CD60DE-CEC6-4FFE-A919-0E871C42D150}.Debug|Any CPU.Build.0 = Debug|Any CPU
		{60CD60DE-CEC6-4FFE-A919-0E871C42D150}.Release|Any CPU.ActiveCfg = Release|Any CPU
		{60CD60DE-CEC6-4FFE-A919-0E871C42D150}.Release|Any CPU.Build.0 = Release|Any CPU
	EndGlobalSection
	GlobalSection(SolutionProperties) = preSolution
		HideSolutionNode = FALSE
	EndGlobalSection
	GlobalSection(ExtensibilityGlobals) = postSolution
		SolutionGuid = {C49530BE-4E63-4264-AFCA-F058F7F5FEB8}
	EndGlobalSection
EndGlobal
